
Microsoft Visual Studio Solution File, Format Version 12.00
# Visual Studio Version 17
VisualStudioVersion = 17.9.34728.123
MinimumVisualStudioVersion = 10.0.40219.1
Project("{9A19103F-16F7-4668-BE54-9A1E7A4F7556}") = "DesignPatterns", "DesignPatterns\DesignPatterns.csproj", "{784EB91B-2A37-412F-B82B-CF4B1DD4FA6D}"
EndProject
Project("{FAE04EC0-301F-11D3-BF4B-00C04F79EFBC}") = "DesignPatterns.Creational", "Creational\DesignPatterns.Creational.csproj", "{D86663A4-3188-4C36-B0D2-A39EFF11F3B0}"
EndProject
Global
	GlobalSection(SolutionConfigurationPlatforms) = preSolution
		Debug|Any CPU = Debug|Any CPU
		Release|Any CPU = Release|Any CPU
	EndGlobalSection
	GlobalSection(ProjectConfigurationPlatforms) = postSolution
		{784EB91B-2A37-412F-B82B-CF4B1DD4FA6D}.Debug|Any CPU.ActiveCfg = Debug|Any CPU
		{784EB91B-2A37-412F-B82B-CF4B1DD4FA6D}.Debug|Any CPU.Build.0 = Debug|Any CPU
		{784EB91B-2A37-412F-B82B-CF4B1DD4FA6D}.Release|Any CPU.ActiveCfg = Release|Any CPU
		{784EB91B-2A37-412F-B82B-CF4B1DD4FA6D}.Release|Any CPU.Build.0 = Release|Any CPU
		{D86663A4-3188-4C36-B0D2-A39EFF11F3B0}.Debug|Any CPU.ActiveCfg = Debug|Any CPU
		{D86663A4-3188-4C36-B0D2-A39EFF11F3B0}.Debug|Any CPU.Build.0 = Debug|Any CPU
		{D86663A4-3188-4C36-B0D2-A39EFF11F3B0}.Release|Any CPU.ActiveCfg = Release|Any CPU
		{D86663A4-3188-4C36-B0D2-A39EFF11F3B0}.Release|Any CPU.Build.0 = Release|Any CPU
	EndGlobalSection
	GlobalSection(SolutionProperties) = preSolution
		HideSolutionNode = FALSE
	EndGlobalSection
	GlobalSection(ExtensibilityGlobals) = postSolution
		SolutionGuid = {1E0795EB-1DF3-40A2-9537-1DF2614FA9D0}
	EndGlobalSection
EndGlobal
