
Microsoft Visual Studio Solution File, Format Version 12.00
# Visual Studio Version 17
VisualStudioVersion = 17.9.34728.123
MinimumVisualStudioVersion = 10.0.40219.1
Project("{9A19103F-16F7-4668-BE54-9A1E7A4F7556}") = "DesignPatterns", "DesignPatterns\DesignPatterns.csproj", "{784EB91B-2A37-412F-B82B-CF4B1DD4FA6D}"
EndProject
Project("{9A19103F-16F7-4668-BE54-9A1E7A4F7556}") = "DesignPatterns.Creational", "Creational\DesignPatterns.Creational.csproj", "{D86663A4-3188-4C36-B0D2-A39EFF11F3B0}"
EndProject
Project("{9A19103F-16F7-4668-BE54-9A1E7A4F7556}") = "DesignPatterns.Creational.Tests", "DesignPatterns.Creational.Tests\DesignPatterns.Creational.Tests.csproj", "{911DA882-FAD6-4E4E-A06B-BEE33614CB49}"
EndProject
Project("{9A19103F-16F7-4668-BE54-9A1E7A4F7556}") = "DesignPatterns.Utils", "DesignPatterns.Utils\DesignPatterns.Utils.csproj", "{E7F7EA23-4F09-4D69-912C-B455678F21E2}"
EndProject
Project("{FAE04EC0-301F-11D3-BF4B-00C04F79EFBC}") = "DesignPatterns.Structural", "DesignPatterns.Adapter\DesignPatterns.Structural.csproj", "{E6BD8BFE-A473-4969-AAEC-AE47424E2E9B}"
EndProject
Project("{FAE04EC0-301F-11D3-BF4B-00C04F79EFBC}") = "DesignPatterns.Structural.Tests", "DesignPatterns.Structural.Tests\DesignPatterns.Structural.Tests.csproj", "{A139D247-4150-49D8-B4C8-DF764A0733FB}"
EndProject
Global
	GlobalSection(SolutionConfigurationPlatforms) = preSolution
		Debug|Any CPU = Debug|Any CPU
		Release|Any CPU = Release|Any CPU
	EndGlobalSection
	GlobalSection(ProjectConfigurationPlatforms) = postSolution
		{784EB91B-2A37-412F-B82B-CF4B1DD4FA6D}.Debug|Any CPU.ActiveCfg = Debug|Any CPU
		{784EB91B-2A37-412F-B82B-CF4B1DD4FA6D}.Debug|Any CPU.Build.0 = Debug|Any CPU
		{784EB91B-2A37-412F-B82B-CF4B1DD4FA6D}.Release|Any CPU.ActiveCfg = Release|Any CPU
		{784EB91B-2A37-412F-B82B-CF4B1DD4FA6D}.Release|Any CPU.Build.0 = Release|Any CPU
		{D86663A4-3188-4C36-B0D2-A39EFF11F3B0}.Debug|Any CPU.ActiveCfg = Debug|Any CPU
		{D86663A4-3188-4C36-B0D2-A39EFF11F3B0}.Debug|Any CPU.Build.0 = Debug|Any CPU
		{D86663A4-3188-4C36-B0D2-A39EFF11F3B0}.Release|Any CPU.ActiveCfg = Release|Any CPU
		{D86663A4-3188-4C36-B0D2-A39EFF11F3B0}.Release|Any CPU.Build.0 = Release|Any CPU
		{911DA882-FAD6-4E4E-A06B-BEE33614CB49}.Debug|Any CPU.ActiveCfg = Debug|Any CPU
		{911DA882-FAD6-4E4E-A06B-BEE33614CB49}.Debug|Any CPU.Build.0 = Debug|Any CPU
		{911DA882-FAD6-4E4E-A06B-BEE33614CB49}.Release|Any CPU.ActiveCfg = Release|Any CPU
		{911DA882-FAD6-4E4E-A06B-BEE33614CB49}.Release|Any CPU.Build.0 = Release|Any CPU
		{E7F7EA23-4F09-4D69-912C-B455678F21E2}.Debug|Any CPU.ActiveCfg = Debug|Any CPU
		{E7F7EA23-4F09-4D69-912C-B455678F21E2}.Debug|Any CPU.Build.0 = Debug|Any CPU
		{E7F7EA23-4F09-4D69-912C-B455678F21E2}.Release|Any CPU.ActiveCfg = Release|Any CPU
		{E7F7EA23-4F09-4D69-912C-B455678F21E2}.Release|Any CPU.Build.0 = Release|Any CPU
		{E6BD8BFE-A473-4969-AAEC-AE47424E2E9B}.Debug|Any CPU.ActiveCfg = Debug|Any CPU
		{E6BD8BFE-A473-4969-AAEC-AE47424E2E9B}.Debug|Any CPU.Build.0 = Debug|Any CPU
		{E6BD8BFE-A473-4969-AAEC-AE47424E2E9B}.Release|Any CPU.ActiveCfg = Release|Any CPU
		{E6BD8BFE-A473-4969-AAEC-AE47424E2E9B}.Release|Any CPU.Build.0 = Release|Any CPU
		{A139D247-4150-49D8-B4C8-DF764A0733FB}.Debug|Any CPU.ActiveCfg = Debug|Any CPU
		{A139D247-4150-49D8-B4C8-DF764A0733FB}.Debug|Any CPU.Build.0 = Debug|Any CPU
		{A139D247-4150-49D8-B4C8-DF764A0733FB}.Release|Any CPU.ActiveCfg = Release|Any CPU
		{A139D247-4150-49D8-B4C8-DF764A0733FB}.Release|Any CPU.Build.0 = Release|Any CPU
	EndGlobalSection
	GlobalSection(SolutionProperties) = preSolution
		HideSolutionNode = FALSE
	EndGlobalSection
	GlobalSection(ExtensibilityGlobals) = postSolution
		SolutionGuid = {1E0795EB-1DF3-40A2-9537-1DF2614FA9D0}
	EndGlobalSection
EndGlobal
